
Microsoft Visual Studio Solution File, Format Version 12.00
# Visual Studio Version 17
VisualStudioVersion = 17.0.31912.275
MinimumVisualStudioVersion = 10.0.40219.1
Project("{2150E333-8FDC-42A3-9474-1A3956D46DE8}") = "Source", "Source", "{3472E85C-6C29-4196-AA16-B95898241C04}"
EndProject
Project("{2150E333-8FDC-42A3-9474-1A3956D46DE8}") = "Solution Items", "Solution Items", "{177F077C-82C9-4DBB-BA03-CF8E14D4AB4E}"
	ProjectSection(SolutionItems) = preProject
		.gitignore = .gitignore
		azure-pipelines.yml = azure-pipelines.yml
		LICENSE = LICENSE
		PII_QA.md = PII_QA.md
		README.md = README.md
	EndProjectSection
EndProject
Project("{9A19103F-16F7-4668-BE54-9A1E7A4F7556}") = "FikaAmazonAPI.SampleCode", "Source\FikaAmazonAPI.SampleCode\FikaAmazonAPI.SampleCode.csproj", "{FC494085-19C4-4835-B053-F9B74FFB978A}"
EndProject
Project("{9A19103F-16F7-4668-BE54-9A1E7A4F7556}") = "FikaAmazonAPI", "Source\FikaAmazonAPI\FikaAmazonAPI.csproj", "{D6BE954D-174D-4C19-A0B6-46F020878E72}"
EndProject
Global
	GlobalSection(SolutionConfigurationPlatforms) = preSolution
		Debug|Any CPU = Debug|Any CPU
		Release|Any CPU = Release|Any CPU
	EndGlobalSection
	GlobalSection(ProjectConfigurationPlatforms) = postSolution
		{FC494085-19C4-4835-B053-F9B74FFB978A}.Debug|Any CPU.ActiveCfg = Debug|Any CPU
		{FC494085-19C4-4835-B053-F9B74FFB978A}.Debug|Any CPU.Build.0 = Debug|Any CPU
		{FC494085-19C4-4835-B053-F9B74FFB978A}.Release|Any CPU.ActiveCfg = Release|Any CPU
		{FC494085-19C4-4835-B053-F9B74FFB978A}.Release|Any CPU.Build.0 = Release|Any CPU
		{D6BE954D-174D-4C19-A0B6-46F020878E72}.Debug|Any CPU.ActiveCfg = Debug|Any CPU
		{D6BE954D-174D-4C19-A0B6-46F020878E72}.Debug|Any CPU.Build.0 = Debug|Any CPU
		{D6BE954D-174D-4C19-A0B6-46F020878E72}.Release|Any CPU.ActiveCfg = Release|Any CPU
		{D6BE954D-174D-4C19-A0B6-46F020878E72}.Release|Any CPU.Build.0 = Release|Any CPU
	EndGlobalSection
	GlobalSection(SolutionProperties) = preSolution
		HideSolutionNode = FALSE
	EndGlobalSection
	GlobalSection(NestedProjects) = preSolution
		{FC494085-19C4-4835-B053-F9B74FFB978A} = {3472E85C-6C29-4196-AA16-B95898241C04}
		{D6BE954D-174D-4C19-A0B6-46F020878E72} = {3472E85C-6C29-4196-AA16-B95898241C04}
	EndGlobalSection
	GlobalSection(ExtensibilityGlobals) = postSolution
		SolutionGuid = {F072E7DD-BF35-43CC-BF83-E5947CA2D772}
	EndGlobalSection
EndGlobal
